
Microsoft Visual Studio Solution File, Format Version 12.00
# Visual Studio Version 17
VisualStudioVersion = 17.3.32825.248
MinimumVisualStudioVersion = 10.0.40219.1
Project("{FAE04EC0-301F-11D3-BF4B-00C04F79EFBC}") = "Dpim.Web", "Dpim.Web.csproj", "{5E431CCA-2CDC-4A78-9965-D90CC9E88AF4}"
EndProject
Project("{FAE04EC0-301F-11D3-BF4B-00C04F79EFBC}") = "Dpim.Helper", "..\Dpim.Helper\Dpim.Helper.csproj", "{55BAEE95-E301-4378-9328-1B98F52D7E00}"
EndProject
Project("{FAE04EC0-301F-11D3-BF4B-00C04F79EFBC}") = "Dpim.Model", "..\Dpim.Model\Dpim.Model.csproj", "{3B5AEB6F-E13E-4DE6-916E-007725243948}"
EndProject
Global
	GlobalSection(SolutionConfigurationPlatforms) = preSolution
		Debug|Any CPU = Debug|Any CPU
		Release|Any CPU = Release|Any CPU
	EndGlobalSection
	GlobalSection(ProjectConfigurationPlatforms) = postSolution
		{5E431CCA-2CDC-4A78-9965-D90CC9E88AF4}.Debug|Any CPU.ActiveCfg = Debug|Any CPU
		{5E431CCA-2CDC-4A78-9965-D90CC9E88AF4}.Debug|Any CPU.Build.0 = Debug|Any CPU
		{5E431CCA-2CDC-4A78-9965-D90CC9E88AF4}.Release|Any CPU.ActiveCfg = Release|Any CPU
		{5E431CCA-2CDC-4A78-9965-D90CC9E88AF4}.Release|Any CPU.Build.0 = Release|Any CPU
		{55BAEE95-E301-4378-9328-1B98F52D7E00}.Debug|Any CPU.ActiveCfg = Debug|Any CPU
		{55BAEE95-E301-4378-9328-1B98F52D7E00}.Debug|Any CPU.Build.0 = Debug|Any CPU
		{55BAEE95-E301-4378-9328-1B98F52D7E00}.Release|Any CPU.ActiveCfg = Release|Any CPU
		{55BAEE95-E301-4378-9328-1B98F52D7E00}.Release|Any CPU.Build.0 = Release|Any CPU
		{3B5AEB6F-E13E-4DE6-916E-007725243948}.Debug|Any CPU.ActiveCfg = Debug|Any CPU
		{3B5AEB6F-E13E-4DE6-916E-007725243948}.Debug|Any CPU.Build.0 = Debug|Any CPU
		{3B5AEB6F-E13E-4DE6-916E-007725243948}.Release|Any CPU.ActiveCfg = Release|Any CPU
		{3B5AEB6F-E13E-4DE6-916E-007725243948}.Release|Any CPU.Build.0 = Release|Any CPU
	EndGlobalSection
	GlobalSection(SolutionProperties) = preSolution
		HideSolutionNode = FALSE
	EndGlobalSection
	GlobalSection(ExtensibilityGlobals) = postSolution
		SolutionGuid = {0D2CC730-F5D6-45A5-A812-BA575A6FE731}
	EndGlobalSection
EndGlobal
